
Microsoft Visual Studio Solution File, Format Version 12.00
# Visual Studio Version 17
VisualStudioVersion = 17.7.34024.191
MinimumVisualStudioVersion = 10.0.40219.1
Project("{FAE04EC0-301F-11D3-BF4B-00C04F79EFBC}") = "bfvrobot-anticheat", "bfvrobot-anticheat.csproj", "{0BA7F669-996E-4729-89F3-785BF2E9E9AB}"
EndProject
Global
	GlobalSection(SolutionConfigurationPlatforms) = preSolution
		Debug|Any CPU = Debug|Any CPU
		Release|Any CPU = Release|Any CPU
	EndGlobalSection
	GlobalSection(ProjectConfigurationPlatforms) = postSolution
		{0BA7F669-996E-4729-89F3-785BF2E9E9AB}.Debug|Any CPU.ActiveCfg = Debug|Any CPU
		{0BA7F669-996E-4729-89F3-785BF2E9E9AB}.Debug|Any CPU.Build.0 = Debug|Any CPU
		{0BA7F669-996E-4729-89F3-785BF2E9E9AB}.Release|Any CPU.ActiveCfg = Release|Any CPU
		{0BA7F669-996E-4729-89F3-785BF2E9E9AB}.Release|Any CPU.Build.0 = Release|Any CPU
	EndGlobalSection
	GlobalSection(SolutionProperties) = preSolution
		HideSolutionNode = FALSE
	EndGlobalSection
	GlobalSection(ExtensibilityGlobals) = postSolution
		SolutionGuid = {9DE48209-5400-4FF6-A5AF-2F13B0B28D50}
	EndGlobalSection
EndGlobal
